// !$*UTF8*$!
{
	archiveVersion = 1;
	classes = {
	};
	objectVersion = 56;
	objects = {

/* Begin PBXBuildFile section */
		69015F9429F9D58400AFC44A /* placeHolderCellTableViewCell.swift in Sources */ = {isa = PBXBuildFile; fileRef = 69015F9229F9D58400AFC44A /* placeHolderCellTableViewCell.swift */; };
		69015F9529F9D58400AFC44A /* placeHolderCellTableViewCell.xib in Resources */ = {isa = PBXBuildFile; fileRef = 69015F9329F9D58400AFC44A /* placeHolderCellTableViewCell.xib */; };
		69291C1329F8732B0043763D /* Main.storyboard in Resources */ = {isa = PBXBuildFile; fileRef = 69291C1229F8732B0043763D /* Main.storyboard */; };
		69291C1829F8D08D0043763D /* services.swift in Sources */ = {isa = PBXBuildFile; fileRef = 69291C1729F8D08D0043763D /* services.swift */; };
		69E609EE29F758D5005BC0F6 /* AppDelegate.swift in Sources */ = {isa = PBXBuildFile; fileRef = 69E609ED29F758D5005BC0F6 /* AppDelegate.swift */; };
		69E609F029F758D5005BC0F6 /* SceneDelegate.swift in Sources */ = {isa = PBXBuildFile; fileRef = 69E609EF29F758D5005BC0F6 /* SceneDelegate.swift */; };
		69E609F229F758D5005BC0F6 /* PlaceHolderViewController.swift in Sources */ = {isa = PBXBuildFile; fileRef = 69E609F129F758D5005BC0F6 /* PlaceHolderViewController.swift */; };
		69E609F729F758D7005BC0F6 /* Assets.xcassets in Resources */ = {isa = PBXBuildFile; fileRef = 69E609F629F758D7005BC0F6 /* Assets.xcassets */; };
		69E609FA29F758D7005BC0F6 /* LaunchScreen.storyboard in Resources */ = {isa = PBXBuildFile; fileRef = 69E609F829F758D7005BC0F6 /* LaunchScreen.storyboard */; };
		69E60A0529F758D7005BC0F6 /* PlaceHolderTests.swift in Sources */ = {isa = PBXBuildFile; fileRef = 69E60A0429F758D7005BC0F6 /* PlaceHolderTests.swift */; };
		69E60A0F29F758D7005BC0F6 /* PlaceHolderUITests.swift in Sources */ = {isa = PBXBuildFile; fileRef = 69E60A0E29F758D7005BC0F6 /* PlaceHolderUITests.swift */; };
		69E60A1129F758D7005BC0F6 /* PlaceHolderUITestsLaunchTests.swift in Sources */ = {isa = PBXBuildFile; fileRef = 69E60A1029F758D7005BC0F6 /* PlaceHolderUITestsLaunchTests.swift */; };
		69E60A2329F7696E005BC0F6 /* GlobalConstants.swift in Sources */ = {isa = PBXBuildFile; fileRef = 69E60A2229F7696E005BC0F6 /* GlobalConstants.swift */; };
		69E60A2529F81427005BC0F6 /* PlaceHolderPresenter.swift in Sources */ = {isa = PBXBuildFile; fileRef = 69E60A2429F81427005BC0F6 /* PlaceHolderPresenter.swift */; };
		69E60A2729F8147C005BC0F6 /* PlaceHolder.swift in Sources */ = {isa = PBXBuildFile; fileRef = 69E60A2629F8147C005BC0F6 /* PlaceHolder.swift */; };
/* End PBXBuildFile section */

/* Begin PBXContainerItemProxy section */
		69E60A0129F758D7005BC0F6 /* PBXContainerItemProxy */ = {
			isa = PBXContainerItemProxy;
			containerPortal = 69E609E229F758D5005BC0F6 /* Project object */;
			proxyType = 1;
			remoteGlobalIDString = 69E609E929F758D5005BC0F6;
			remoteInfo = PlaceHolder;
		};
		69E60A0B29F758D7005BC0F6 /* PBXContainerItemProxy */ = {
			isa = PBXContainerItemProxy;
			containerPortal = 69E609E229F758D5005BC0F6 /* Project object */;
			proxyType = 1;
			remoteGlobalIDString = 69E609E929F758D5005BC0F6;
			remoteInfo = PlaceHolder;
		};
/* End PBXContainerItemProxy section */

/* Begin PBXFileReference section */
		69015F9229F9D58400AFC44A /* placeHolderCellTableViewCell.swift */ = {isa = PBXFileReference; lastKnownFileType = sourcecode.swift; path = placeHolderCellTableViewCell.swift; sourceTree = "<group>"; };
		69015F9329F9D58400AFC44A /* placeHolderCellTableViewCell.xib */ = {isa = PBXFileReference; lastKnownFileType = file.xib; path = placeHolderCellTableViewCell.xib; sourceTree = "<group>"; };
		69291C1229F8732B0043763D /* Main.storyboard */ = {isa = PBXFileReference; fileEncoding = 4; lastKnownFileType = file.storyboard; path = Main.storyboard; sourceTree = "<group>"; };
		69291C1729F8D08D0043763D /* services.swift */ = {isa = PBXFileReference; lastKnownFileType = sourcecode.swift; path = services.swift; sourceTree = "<group>"; };
		69E609EA29F758D5005BC0F6 /* PlaceHolder.app */ = {isa = PBXFileReference; explicitFileType = wrapper.application; includeInIndex = 0; path = PlaceHolder.app; sourceTree = BUILT_PRODUCTS_DIR; };
		69E609ED29F758D5005BC0F6 /* AppDelegate.swift */ = {isa = PBXFileReference; lastKnownFileType = sourcecode.swift; path = AppDelegate.swift; sourceTree = "<group>"; };
		69E609EF29F758D5005BC0F6 /* SceneDelegate.swift */ = {isa = PBXFileReference; lastKnownFileType = sourcecode.swift; path = SceneDelegate.swift; sourceTree = "<group>"; };
		69E609F129F758D5005BC0F6 /* PlaceHolderViewController.swift */ = {isa = PBXFileReference; lastKnownFileType = sourcecode.swift; path = PlaceHolderViewController.swift; sourceTree = "<group>"; };
		69E609F629F758D7005BC0F6 /* Assets.xcassets */ = {isa = PBXFileReference; lastKnownFileType = folder.assetcatalog; path = Assets.xcassets; sourceTree = "<group>"; };
		69E609F929F758D7005BC0F6 /* Base */ = {isa = PBXFileReference; lastKnownFileType = file.storyboard; name = Base; path = Base.lproj/LaunchScreen.storyboard; sourceTree = "<group>"; };
		69E609FB29F758D7005BC0F6 /* Info.plist */ = {isa = PBXFileReference; lastKnownFileType = text.plist.xml; path = Info.plist; sourceTree = "<group>"; };
		69E60A0029F758D7005BC0F6 /* PlaceHolderTests.xctest */ = {isa = PBXFileReference; explicitFileType = wrapper.cfbundle; includeInIndex = 0; path = PlaceHolderTests.xctest; sourceTree = BUILT_PRODUCTS_DIR; };
		69E60A0429F758D7005BC0F6 /* PlaceHolderTests.swift */ = {isa = PBXFileReference; lastKnownFileType = sourcecode.swift; path = PlaceHolderTests.swift; sourceTree = "<group>"; };
		69E60A0A29F758D7005BC0F6 /* PlaceHolderUITests.xctest */ = {isa = PBXFileReference; explicitFileType = wrapper.cfbundle; includeInIndex = 0; path = PlaceHolderUITests.xctest; sourceTree = BUILT_PRODUCTS_DIR; };
		69E60A0E29F758D7005BC0F6 /* PlaceHolderUITests.swift */ = {isa = PBXFileReference; lastKnownFileType = sourcecode.swift; path = PlaceHolderUITests.swift; sourceTree = "<group>"; };
		69E60A1029F758D7005BC0F6 /* PlaceHolderUITestsLaunchTests.swift */ = {isa = PBXFileReference; lastKnownFileType = sourcecode.swift; path = PlaceHolderUITestsLaunchTests.swift; sourceTree = "<group>"; };
		69E60A2229F7696E005BC0F6 /* GlobalConstants.swift */ = {isa = PBXFileReference; lastKnownFileType = sourcecode.swift; path = GlobalConstants.swift; sourceTree = "<group>"; };
		69E60A2429F81427005BC0F6 /* PlaceHolderPresenter.swift */ = {isa = PBXFileReference; lastKnownFileType = sourcecode.swift; path = PlaceHolderPresenter.swift; sourceTree = "<group>"; };
		69E60A2629F8147C005BC0F6 /* PlaceHolder.swift */ = {isa = PBXFileReference; lastKnownFileType = sourcecode.swift; path = PlaceHolder.swift; sourceTree = "<group>"; };
/* End PBXFileReference section */

/* Begin PBXFrameworksBuildPhase section */
		69E609E729F758D5005BC0F6 /* Frameworks */ = {
			isa = PBXFrameworksBuildPhase;
			buildActionMask = 2147483647;
			files = (
			);
			runOnlyForDeploymentPostprocessing = 0;
		};
		69E609FD29F758D7005BC0F6 /* Frameworks */ = {
			isa = PBXFrameworksBuildPhase;
			buildActionMask = 2147483647;
			files = (
			);
			runOnlyForDeploymentPostprocessing = 0;
		};
		69E60A0729F758D7005BC0F6 /* Frameworks */ = {
			isa = PBXFrameworksBuildPhase;
			buildActionMask = 2147483647;
			files = (
			);
			runOnlyForDeploymentPostprocessing = 0;
		};
/* End PBXFrameworksBuildPhase section */

/* Begin PBXGroup section */
		69291C1629F8D0700043763D /* Networking */ = {
			isa = PBXGroup;
			children = (
				69291C1729F8D08D0043763D /* services.swift */,
			);
			path = Networking;
			sourceTree = "<group>";
		};
		69E609E129F758D5005BC0F6 = {
			isa = PBXGroup;
			children = (
				69E609EC29F758D5005BC0F6 /* PlaceHolder */,
				69E60A0329F758D7005BC0F6 /* PlaceHolderTests */,
				69E60A0D29F758D7005BC0F6 /* PlaceHolderUITests */,
				69E609EB29F758D5005BC0F6 /* Products */,
			);
			sourceTree = "<group>";
		};
		69E609EB29F758D5005BC0F6 /* Products */ = {
			isa = PBXGroup;
			children = (
				69E609EA29F758D5005BC0F6 /* PlaceHolder.app */,
				69E60A0029F758D7005BC0F6 /* PlaceHolderTests.xctest */,
				69E60A0A29F758D7005BC0F6 /* PlaceHolderUITests.xctest */,
			);
			name = Products;
			sourceTree = "<group>";
		};
		69E609EC29F758D5005BC0F6 /* PlaceHolder */ = {
			isa = PBXGroup;
			children = (
				69E60A1F29F76947005BC0F6 /* Model */,
				69E60A1E29F76932005BC0F6 /* Presenter */,
				69E60A1D29F76915005BC0F6 /* View */,
				69E609ED29F758D5005BC0F6 /* AppDelegate.swift */,
				69E609EF29F758D5005BC0F6 /* SceneDelegate.swift */,
				69E609F629F758D7005BC0F6 /* Assets.xcassets */,
				69E609F829F758D7005BC0F6 /* LaunchScreen.storyboard */,
				69E609FB29F758D7005BC0F6 /* Info.plist */,
			);
			path = PlaceHolder;
			sourceTree = "<group>";
		};
		69E60A0329F758D7005BC0F6 /* PlaceHolderTests */ = {
			isa = PBXGroup;
			children = (
				69E60A0429F758D7005BC0F6 /* PlaceHolderTests.swift */,
			);
			path = PlaceHolderTests;
			sourceTree = "<group>";
		};
		69E60A0D29F758D7005BC0F6 /* PlaceHolderUITests */ = {
			isa = PBXGroup;
			children = (
				69E60A0E29F758D7005BC0F6 /* PlaceHolderUITests.swift */,
				69E60A1029F758D7005BC0F6 /* PlaceHolderUITestsLaunchTests.swift */,
			);
			path = PlaceHolderUITests;
			sourceTree = "<group>";
		};
		69E60A1D29F76915005BC0F6 /* View */ = {
			isa = PBXGroup;
			children = (
				69291C1229F8732B0043763D /* Main.storyboard */,
				69E609F129F758D5005BC0F6 /* PlaceHolderViewController.swift */,
				69E60A2029F7694F005BC0F6 /* Constants */,
				69015F9229F9D58400AFC44A /* placeHolderCellTableViewCell.swift */,
				69015F9329F9D58400AFC44A /* placeHolderCellTableViewCell.xib */,
			);
			path = View;
			sourceTree = "<group>";
		};
		69E60A1E29F76932005BC0F6 /* Presenter */ = {
			isa = PBXGroup;
			children = (
				69291C1629F8D0700043763D /* Networking */,
				69E60A2429F81427005BC0F6 /* PlaceHolderPresenter.swift */,
			);
			path = Presenter;
			sourceTree = "<group>";
		};
		69E60A1F29F76947005BC0F6 /* Model */ = {
			isa = PBXGroup;
			children = (
				69E60A2629F8147C005BC0F6 /* PlaceHolder.swift */,
			);
			path = Model;
			sourceTree = "<group>";
		};
		69E60A2029F7694F005BC0F6 /* Constants */ = {
			isa = PBXGroup;
			children = (
				69E60A2229F7696E005BC0F6 /* GlobalConstants.swift */,
			);
			path = Constants;
			sourceTree = "<group>";
		};
/* End PBXGroup section */

/* Begin PBXNativeTarget section */
		69E609E929F758D5005BC0F6 /* PlaceHolder */ = {
			isa = PBXNativeTarget;
			buildConfigurationList = 69E60A1429F758D7005BC0F6 /* Build configuration list for PBXNativeTarget "PlaceHolder" */;
			buildPhases = (
				69E609E629F758D5005BC0F6 /* Sources */,
				69E609E729F758D5005BC0F6 /* Frameworks */,
				69E609E829F758D5005BC0F6 /* Resources */,
			);
			buildRules = (
			);
			dependencies = (
			);
			name = PlaceHolder;
			productName = PlaceHolder;
			productReference = 69E609EA29F758D5005BC0F6 /* PlaceHolder.app */;
			productType = "com.apple.product-type.application";
		};
		69E609FF29F758D7005BC0F6 /* PlaceHolderTests */ = {
			isa = PBXNativeTarget;
			buildConfigurationList = 69E60A1729F758D7005BC0F6 /* Build configuration list for PBXNativeTarget "PlaceHolderTests" */;
			buildPhases = (
				69E609FC29F758D7005BC0F6 /* Sources */,
				69E609FD29F758D7005BC0F6 /* Frameworks */,
				69E609FE29F758D7005BC0F6 /* Resources */,
			);
			buildRules = (
			);
			dependencies = (
				69E60A0229F758D7005BC0F6 /* PBXTargetDependency */,
			);
			name = PlaceHolderTests;
			productName = PlaceHolderTests;
			productReference = 69E60A0029F758D7005BC0F6 /* PlaceHolderTests.xctest */;
			productType = "com.apple.product-type.bundle.unit-test";
		};
		69E60A0929F758D7005BC0F6 /* PlaceHolderUITests */ = {
			isa = PBXNativeTarget;
			buildConfigurationList = 69E60A1A29F758D7005BC0F6 /* Build configuration list for PBXNativeTarget "PlaceHolderUITests" */;
			buildPhases = (
				69E60A0629F758D7005BC0F6 /* Sources */,
				69E60A0729F758D7005BC0F6 /* Frameworks */,
				69E60A0829F758D7005BC0F6 /* Resources */,
			);
			buildRules = (
			);
			dependencies = (
				69E60A0C29F758D7005BC0F6 /* PBXTargetDependency */,
			);
			name = PlaceHolderUITests;
			productName = PlaceHolderUITests;
			productReference = 69E60A0A29F758D7005BC0F6 /* PlaceHolderUITests.xctest */;
			productType = "com.apple.product-type.bundle.ui-testing";
		};
/* End PBXNativeTarget section */

/* Begin PBXProject section */
		69E609E229F758D5005BC0F6 /* Project object */ = {
			isa = PBXProject;
			attributes = {
				BuildIndependentTargetsInParallel = 1;
				LastSwiftUpdateCheck = 1430;
				LastUpgradeCheck = 1430;
				TargetAttributes = {
					69E609E929F758D5005BC0F6 = {
						CreatedOnToolsVersion = 14.3;
					};
					69E609FF29F758D7005BC0F6 = {
						CreatedOnToolsVersion = 14.3;
						TestTargetID = 69E609E929F758D5005BC0F6;
					};
					69E60A0929F758D7005BC0F6 = {
						CreatedOnToolsVersion = 14.3;
						TestTargetID = 69E609E929F758D5005BC0F6;
					};
				};
			};
			buildConfigurationList = 69E609E529F758D5005BC0F6 /* Build configuration list for PBXProject "PlaceHolder" */;
			compatibilityVersion = "Xcode 14.0";
			developmentRegion = en;
			hasScannedForEncodings = 0;
			knownRegions = (
				en,
				Base,
			);
			mainGroup = 69E609E129F758D5005BC0F6;
			productRefGroup = 69E609EB29F758D5005BC0F6 /* Products */;
			projectDirPath = "";
			projectRoot = "";
			targets = (
				69E609E929F758D5005BC0F6 /* PlaceHolder */,
				69E609FF29F758D7005BC0F6 /* PlaceHolderTests */,
				69E60A0929F758D7005BC0F6 /* PlaceHolderUITests */,
			);
		};
/* End PBXProject section */

/* Begin PBXResourcesBuildPhase section */
		69E609E829F758D5005BC0F6 /* Resources */ = {
			isa = PBXResourcesBuildPhase;
			buildActionMask = 2147483647;
			files = (
				69291C1329F8732B0043763D /* Main.storyboard in Resources */,
				69E609FA29F758D7005BC0F6 /* LaunchScreen.storyboard in Resources */,
				69015F9529F9D58400AFC44A /* placeHolderCellTableViewCell.xib in Resources */,
				69E609F729F758D7005BC0F6 /* Assets.xcassets in Resources */,
			);
			runOnlyForDeploymentPostprocessing = 0;
		};
		69E609FE29F758D7005BC0F6 /* Resources */ = {
			isa = PBXResourcesBuildPhase;
			buildActionMask = 2147483647;
			files = (
			);
			runOnlyForDeploymentPostprocessing = 0;
		};
		69E60A0829F758D7005BC0F6 /* Resources */ = {
			isa = PBXResourcesBuildPhase;
			buildActionMask = 2147483647;
			files = (
			);
			runOnlyForDeploymentPostprocessing = 0;
		};
/* End PBXResourcesBuildPhase section */

/* Begin PBXSourcesBuildPhase section */
		69E609E629F758D5005BC0F6 /* Sources */ = {
			isa = PBXSourcesBuildPhase;
			buildActionMask = 2147483647;
			files = (
				69E609F229F758D5005BC0F6 /* PlaceHolderViewController.swift in Sources */,
				69E609EE29F758D5005BC0F6 /* AppDelegate.swift in Sources */,
				69E60A2329F7696E005BC0F6 /* GlobalConstants.swift in Sources */,
				69E609F029F758D5005BC0F6 /* SceneDelegate.swift in Sources */,
				69E60A2529F81427005BC0F6 /* PlaceHolderPresenter.swift in Sources */,
				69291C1829F8D08D0043763D /* services.swift in Sources */,
				69015F9429F9D58400AFC44A /* placeHolderCellTableViewCell.swift in Sources */,
				69E60A2729F8147C005BC0F6 /* PlaceHolder.swift in Sources */,
			);
			runOnlyForDeploymentPostprocessing = 0;
		};
		69E609FC29F758D7005BC0F6 /* Sources */ = {
			isa = PBXSourcesBuildPhase;
			buildActionMask = 2147483647;
			files = (
				69E60A0529F758D7005BC0F6 /* PlaceHolderTests.swift in Sources */,
			);
			runOnlyForDeploymentPostprocessing = 0;
		};
		69E60A0629F758D7005BC0F6 /* Sources */ = {
			isa = PBXSourcesBuildPhase;
			buildActionMask = 2147483647;
			files = (
				69E60A1129F758D7005BC0F6 /* PlaceHolderUITestsLaunchTests.swift in Sources */,
				69E60A0F29F758D7005BC0F6 /* PlaceHolderUITests.swift in Sources */,
			);
			runOnlyForDeploymentPostprocessing = 0;
		};
/* End PBXSourcesBuildPhase section */

/* Begin PBXTargetDependency section */
		69E60A0229F758D7005BC0F6 /* PBXTargetDependency */ = {
			isa = PBXTargetDependency;
			target = 69E609E929F758D5005BC0F6 /* PlaceHolder */;
			targetProxy = 69E60A0129F758D7005BC0F6 /* PBXContainerItemProxy */;
		};
		69E60A0C29F758D7005BC0F6 /* PBXTargetDependency */ = {
			isa = PBXTargetDependency;
			target = 69E609E929F758D5005BC0F6 /* PlaceHolder */;
			targetProxy = 69E60A0B29F758D7005BC0F6 /* PBXContainerItemProxy */;
		};
/* End PBXTargetDependency section */

/* Begin PBXVariantGroup section */
		69E609F829F758D7005BC0F6 /* LaunchScreen.storyboard */ = {
			isa = PBXVariantGroup;
			children = (
				69E609F929F758D7005BC0F6 /* Base */,
			);
			name = LaunchScreen.storyboard;
			sourceTree = "<group>";
		};
/* End PBXVariantGroup section */

/* Begin XCBuildConfiguration section */
		69E60A1229F758D7005BC0F6 /* Debug */ = {
			isa = XCBuildConfiguration;
			buildSettings = {
				ALWAYS_SEARCH_USER_PATHS = NO;
				CLANG_ANALYZER_NONNULL = YES;
				CLANG_ANALYZER_NUMBER_OBJECT_CONVERSION = YES_AGGRESSIVE;
				CLANG_CXX_LANGUAGE_STANDARD = "gnu++20";
				CLANG_ENABLE_MODULES = YES;
				CLANG_ENABLE_OBJC_ARC = YES;
				CLANG_ENABLE_OBJC_WEAK = YES;
				CLANG_WARN_BLOCK_CAPTURE_AUTORELEASING = YES;
				CLANG_WARN_BOOL_CONVERSION = YES;
				CLANG_WARN_COMMA = YES;
				CLANG_WARN_CONSTANT_CONVERSION = YES;
				CLANG_WARN_DEPRECATED_OBJC_IMPLEMENTATIONS = YES;
				CLANG_WARN_DIRECT_OBJC_ISA_USAGE = YES_ERROR;
				CLANG_WARN_DOCUMENTATION_COMMENTS = YES;
				CLANG_WARN_EMPTY_BODY = YES;
				CLANG_WARN_ENUM_CONVERSION = YES;
				CLANG_WARN_INFINITE_RECURSION = YES;
				CLANG_WARN_INT_CONVERSION = YES;
				CLANG_WARN_NON_LITERAL_NULL_CONVERSION = YES;
				CLANG_WARN_OBJC_IMPLICIT_RETAIN_SELF = YES;
				CLANG_WARN_OBJC_LITERAL_CONVERSION = YES;
				CLANG_WARN_OBJC_ROOT_CLASS = YES_ERROR;
				CLANG_WARN_QUOTED_INCLUDE_IN_FRAMEWORK_HEADER = YES;
				CLANG_WARN_RANGE_LOOP_ANALYSIS = YES;
				CLANG_WARN_STRICT_PROTOTYPES = YES;
				CLANG_WARN_SUSPICIOUS_MOVE = YES;
				CLANG_WARN_UNGUARDED_AVAILABILITY = YES_AGGRESSIVE;
				CLANG_WARN_UNREACHABLE_CODE = YES;
				CLANG_WARN__DUPLICATE_METHOD_MATCH = YES;
				COPY_PHASE_STRIP = NO;
				DEBUG_INFORMATION_FORMAT = dwarf;
				ENABLE_STRICT_OBJC_MSGSEND = YES;
				ENABLE_TESTABILITY = YES;
				GCC_C_LANGUAGE_STANDARD = gnu11;
				GCC_DYNAMIC_NO_PIC = NO;
				GCC_NO_COMMON_BLOCKS = YES;
				GCC_OPTIMIZATION_LEVEL = 0;
				GCC_PREPROCESSOR_DEFINITIONS = (
					"DEBUG=1",
					"$(inherited)",
				);
				GCC_WARN_64_TO_32_BIT_CONVERSION = YES;
				GCC_WARN_ABOUT_RETURN_TYPE = YES_ERROR;
				GCC_WARN_UNDECLARED_SELECTOR = YES;
				GCC_WARN_UNINITIALIZED_AUTOS = YES_AGGRESSIVE;
				GCC_WARN_UNUSED_FUNCTION = YES;
				GCC_WARN_UNUSED_VARIABLE = YES;
				IPHONEOS_DEPLOYMENT_TARGET = 16.4;
				MTL_ENABLE_DEBUG_INFO = INCLUDE_SOURCE;
				MTL_FAST_MATH = YES;
				ONLY_ACTIVE_ARCH = YES;
				SDKROOT = iphoneos;
				SWIFT_ACTIVE_COMPILATION_CONDITIONS = DEBUG;
				SWIFT_OPTIMIZATION_LEVEL = "-Onone";
			};
			name = Debug;
		};
		69E60A1329F758D7005BC0F6 /* Release */ = {
			isa = XCBuildConfiguration;
			buildSettings = {
				ALWAYS_SEARCH_USER_PATHS = NO;
				CLANG_ANALYZER_NONNULL = YES;
				CLANG_ANALYZER_NUMBER_OBJECT_CONVERSION = YES_AGGRESSIVE;
				CLANG_CXX_LANGUAGE_STANDARD = "gnu++20";
				CLANG_ENABLE_MODULES = YES;
				CLANG_ENABLE_OBJC_ARC = YES;
				CLANG_ENABLE_OBJC_WEAK = YES;
				CLANG_WARN_BLOCK_CAPTURE_AUTORELEASING = YES;
				CLANG_WARN_BOOL_CONVERSION = YES;
				CLANG_WARN_COMMA = YES;
				CLANG_WARN_CONSTANT_CONVERSION = YES;
				CLANG_WARN_DEPRECATED_OBJC_IMPLEMENTATIONS = YES;
				CLANG_WARN_DIRECT_OBJC_ISA_USAGE = YES_ERROR;
				CLANG_WARN_DOCUMENTATION_COMMENTS = YES;
				CLANG_WARN_EMPTY_BODY = YES;
				CLANG_WARN_ENUM_CONVERSION = YES;
				CLANG_WARN_INFINITE_RECURSION = YES;
				CLANG_WARN_INT_CONVERSION = YES;
				CLANG_WARN_NON_LITERAL_NULL_CONVERSION = YES;
				CLANG_WARN_OBJC_IMPLICIT_RETAIN_SELF = YES;
				CLANG_WARN_OBJC_LITERAL_CONVERSION = YES;
				CLANG_WARN_OBJC_ROOT_CLASS = YES_ERROR;
				CLANG_WARN_QUOTED_INCLUDE_IN_FRAMEWORK_HEADER = YES;
				CLANG_WARN_RANGE_LOOP_ANALYSIS = YES;
				CLANG_WARN_STRICT_PROTOTYPES = YES;
				CLANG_WARN_SUSPICIOUS_MOVE = YES;
				CLANG_WARN_UNGUARDED_AVAILABILITY = YES_AGGRESSIVE;
				CLANG_WARN_UNREACHABLE_CODE = YES;
				CLANG_WARN__DUPLICATE_METHOD_MATCH = YES;
				COPY_PHASE_STRIP = NO;
				DEBUG_INFORMATION_FORMAT = "dwarf-with-dsym";
				ENABLE_NS_ASSERTIONS = NO;
				ENABLE_STRICT_OBJC_MSGSEND = YES;
				GCC_C_LANGUAGE_STANDARD = gnu11;
				GCC_NO_COMMON_BLOCKS = YES;
				GCC_WARN_64_TO_32_BIT_CONVERSION = YES;
				GCC_WARN_ABOUT_RETURN_TYPE = YES_ERROR;
				GCC_WARN_UNDECLARED_SELECTOR = YES;
				GCC_WARN_UNINITIALIZED_AUTOS = YES_AGGRESSIVE;
				GCC_WARN_UNUSED_FUNCTION = YES;
				GCC_WARN_UNUSED_VARIABLE = YES;
				IPHONEOS_DEPLOYMENT_TARGET = 16.4;
				MTL_ENABLE_DEBUG_INFO = NO;
				MTL_FAST_MATH = YES;
				SDKROOT = iphoneos;
				SWIFT_COMPILATION_MODE = wholemodule;
				SWIFT_OPTIMIZATION_LEVEL = "-O";
				VALIDATE_PRODUCT = YES;
			};
			name = Release;
		};
		69E60A1529F758D7005BC0F6 /* Debug */ = {
			isa = XCBuildConfiguration;
			buildSettings = {
				ASSETCATALOG_COMPILER_APPICON_NAME = AppIcon;
				ASSETCATALOG_COMPILER_GLOBAL_ACCENT_COLOR_NAME = AccentColor;
				CODE_SIGN_STYLE = Automatic;
				CURRENT_PROJECT_VERSION = 1;
				DEVELOPMENT_TEAM = L7UCW6GSML;
				GENERATE_INFOPLIST_FILE = YES;
				INFOPLIST_FILE = PlaceHolder/Info.plist;
				INFOPLIST_KEY_UIApplicationSupportsIndirectInputEvents = YES;
				INFOPLIST_KEY_UILaunchStoryboardName = LaunchScreen;
				INFOPLIST_KEY_UIMainStoryboardFile = Main;
				INFOPLIST_KEY_UISupportedInterfaceOrientations_iPad = "UIInterfaceOrientationPortrait UIInterfaceOrientationPortraitUpsideDown UIInterfaceOrientationLandscapeLeft UIInterfaceOrientationLandscapeRight";
				INFOPLIST_KEY_UISupportedInterfaceOrientations_iPhone = "UIInterfaceOrientationPortrait UIInterfaceOrientationLandscapeLeft UIInterfaceOrientationLandscapeRight";
				LD_RUNPATH_SEARCH_PATHS = (
					"$(inherited)",
					"@executable_path/Frameworks",
				);
				MARKETING_VERSION = 1.0;
				PRODUCT_BUNDLE_IDENTIFIER = JuanDiegoBA.PlaceHolder;
				PRODUCT_NAME = "$(TARGET_NAME)";
				SWIFT_EMIT_LOC_STRINGS = YES;
				SWIFT_VERSION = 5.0;
				TARGETED_DEVICE_FAMILY = "1,2";
			};
			name = Debug;
		};
		69E60A1629F758D7005BC0F6 /* Release */ = {
			isa = XCBuildConfiguration;
			buildSettings = {
				ASSETCATALOG_COMPILER_APPICON_NAME = AppIcon;
				ASSETCATALOG_COMPILER_GLOBAL_ACCENT_COLOR_NAME = AccentColor;
				CODE_SIGN_STYLE = Automatic;
				CURRENT_PROJECT_VERSION = 1;
				DEVELOPMENT_TEAM = L7UCW6GSML;
				GENERATE_INFOPLIST_FILE = YES;
				INFOPLIST_FILE = PlaceHolder/Info.plist;
				INFOPLIST_KEY_UIApplicationSupportsIndirectInputEvents = YES;
				INFOPLIST_KEY_UILaunchStoryboardName = LaunchScreen;
				INFOPLIST_KEY_UIMainStoryboardFile = Main;
				INFOPLIST_KEY_UISupportedInterfaceOrientations_iPad = "UIInterfaceOrientationPortrait UIInterfaceOrientationPortraitUpsideDown UIInterfaceOrientationLandscapeLeft UIInterfaceOrientationLandscapeRight";
				INFOPLIST_KEY_UISupportedInterfaceOrientations_iPhone = "UIInterfaceOrientationPortrait UIInterfaceOrientationLandscapeLeft UIInterfaceOrientationLandscapeRight";
				LD_RUNPATH_SEARCH_PATHS = (
					"$(inherited)",
					"@executable_path/Frameworks",
				);
				MARKETING_VERSION = 1.0;
				PRODUCT_BUNDLE_IDENTIFIER = JuanDiegoBA.PlaceHolder;
				PRODUCT_NAME = "$(TARGET_NAME)";
				SWIFT_EMIT_LOC_STRINGS = YES;
				SWIFT_VERSION = 5.0;
				TARGETED_DEVICE_FAMILY = "1,2";
			};
			name = Release;
		};
		69E60A1829F758D7005BC0F6 /* Debug */ = {
			isa = XCBuildConfiguration;
			buildSettings = {
				ALWAYS_EMBED_SWIFT_STANDARD_LIBRARIES = YES;
				BUNDLE_LOADER = "$(TEST_HOST)";
				CODE_SIGN_STYLE = Automatic;
				CURRENT_PROJECT_VERSION = 1;
				DEVELOPMENT_TEAM = L7UCW6GSML;
				GENERATE_INFOPLIST_FILE = YES;
				IPHONEOS_DEPLOYMENT_TARGET = 16.4;
				MARKETING_VERSION = 1.0;
				PRODUCT_BUNDLE_IDENTIFIER = JuanDiegoBA.PlaceHolderTests;
				PRODUCT_NAME = "$(TARGET_NAME)";
				SWIFT_EMIT_LOC_STRINGS = NO;
				SWIFT_VERSION = 5.0;
				TARGETED_DEVICE_FAMILY = "1,2";
				TEST_HOST = "$(BUILT_PRODUCTS_DIR)/PlaceHolder.app/$(BUNDLE_EXECUTABLE_FOLDER_PATH)/PlaceHolder";
			};
			name = Debug;
		};
		69E60A1929F758D7005BC0F6 /* Release */ = {
			isa = XCBuildConfiguration;
			buildSettings = {
				ALWAYS_EMBED_SWIFT_STANDARD_LIBRARIES = YES;
				BUNDLE_LOADER = "$(TEST_HOST)";
				CODE_SIGN_STYLE = Automatic;
				CURRENT_PROJECT_VERSION = 1;
				DEVELOPMENT_TEAM = L7UCW6GSML;
				GENERATE_INFOPLIST_FILE = YES;
				IPHONEOS_DEPLOYMENT_TARGET = 16.4;
				MARKETING_VERSION = 1.0;
				PRODUCT_BUNDLE_IDENTIFIER = JuanDiegoBA.PlaceHolderTests;
				PRODUCT_NAME = "$(TARGET_NAME)";
				SWIFT_EMIT_LOC_STRINGS = NO;
				SWIFT_VERSION = 5.0;
				TARGETED_DEVICE_FAMILY = "1,2";
				TEST_HOST = "$(BUILT_PRODUCTS_DIR)/PlaceHolder.app/$(BUNDLE_EXECUTABLE_FOLDER_PATH)/PlaceHolder";
			};
			name = Release;
		};
		69E60A1B29F758D7005BC0F6 /* Debug */ = {
			isa = XCBuildConfiguration;
			buildSettings = {
				ALWAYS_EMBED_SWIFT_STANDARD_LIBRARIES = YES;
				CODE_SIGN_STYLE = Automatic;
				CURRENT_PROJECT_VERSION = 1;
				DEVELOPMENT_TEAM = L7UCW6GSML;
				GENERATE_INFOPLIST_FILE = YES;
				MARKETING_VERSION = 1.0;
				PRODUCT_BUNDLE_IDENTIFIER = JuanDiegoBA.PlaceHolderUITests;
				PRODUCT_NAME = "$(TARGET_NAME)";
				SWIFT_EMIT_LOC_STRINGS = NO;
				SWIFT_VERSION = 5.0;
				TARGETED_DEVICE_FAMILY = "1,2";
				TEST_TARGET_NAME = PlaceHolder;
			};
			name = Debug;
		};
		69E60A1C29F758D7005BC0F6 /* Release */ = {
			isa = XCBuildConfiguration;
			buildSettings = {
				ALWAYS_EMBED_SWIFT_STANDARD_LIBRARIES = YES;
				CODE_SIGN_STYLE = Automatic;
				CURRENT_PROJECT_VERSION = 1;
				DEVELOPMENT_TEAM = L7UCW6GSML;
				GENERATE_INFOPLIST_FILE = YES;
				MARKETING_VERSION = 1.0;
				PRODUCT_BUNDLE_IDENTIFIER = JuanDiegoBA.PlaceHolderUITests;
				PRODUCT_NAME = "$(TARGET_NAME)";
				SWIFT_EMIT_LOC_STRINGS = NO;
				SWIFT_VERSION = 5.0;
				TARGETED_DEVICE_FAMILY = "1,2";
				TEST_TARGET_NAME = PlaceHolder;
			};
			name = Release;
		};
/* End XCBuildConfiguration section */

/* Begin XCConfigurationList section */
		69E609E529F758D5005BC0F6 /* Build configuration list for PBXProject "PlaceHolder" */ = {
			isa = XCConfigurationList;
			buildConfigurations = (
				69E60A1229F758D7005BC0F6 /* Debug */,
				69E60A1329F758D7005BC0F6 /* Release */,
			);
			defaultConfigurationIsVisible = 0;
			defaultConfigurationName = Release;
		};
		69E60A1429F758D7005BC0F6 /* Build configuration list for PBXNativeTarget "PlaceHolder" */ = {
			isa = XCConfigurationList;
			buildConfigurations = (
				69E60A1529F758D7005BC0F6 /* Debug */,
				69E60A1629F758D7005BC0F6 /* Release */,
			);
			defaultConfigurationIsVisible = 0;
			defaultConfigurationName = Release;
		};
		69E60A1729F758D7005BC0F6 /* Build configuration list for PBXNativeTarget "PlaceHolderTests" */ = {
			isa = XCConfigurationList;
			buildConfigurations = (
				69E60A1829F758D7005BC0F6 /* Debug */,
				69E60A1929F758D7005BC0F6 /* Release */,
			);
			defaultConfigurationIsVisible = 0;
			defaultConfigurationName = Release;
		};
		69E60A1A29F758D7005BC0F6 /* Build configuration list for PBXNativeTarget "PlaceHolderUITests" */ = {
			isa = XCConfigurationList;
			buildConfigurations = (
				69E60A1B29F758D7005BC0F6 /* Debug */,
				69E60A1C29F758D7005BC0F6 /* Release */,
			);
			defaultConfigurationIsVisible = 0;
			defaultConfigurationName = Release;
		};
/* End XCConfigurationList section */
	};
	rootObject = 69E609E229F758D5005BC0F6 /* Project object */;
}
